
Microsoft Visual Studio Solution File, Format Version 12.00
# Visual Studio 14
VisualStudioVersion = 14.0.23107.0
MinimumVisualStudioVersion = 10.0.40219.1
Project("{FAE04EC0-301F-11D3-BF4B-00C04F79EFBC}") = "program", "program\program.csproj", "{BEE6EE5C-A8D5-4F0C-8F32-E3C2ED7EEAFA}"
EndProject
Project("{FAE04EC0-301F-11D3-BF4B-00C04F79EFBC}") = "Form1", "Form1\Form1.csproj", "{2F5CC673-B8BF-42A3-9750-7244ECE24340}"
EndProject
Global
	GlobalSection(SolutionConfigurationPlatforms) = preSolution
		Debug|Any CPU = Debug|Any CPU
		Release|Any CPU = Release|Any CPU
	EndGlobalSection
	GlobalSection(ProjectConfigurationPlatforms) = postSolution
		{BEE6EE5C-A8D5-4F0C-8F32-E3C2ED7EEAFA}.Debug|Any CPU.ActiveCfg = Debug|Any CPU
		{BEE6EE5C-A8D5-4F0C-8F32-E3C2ED7EEAFA}.Debug|Any CPU.Build.0 = Debug|Any CPU
		{BEE6EE5C-A8D5-4F0C-8F32-E3C2ED7EEAFA}.Release|Any CPU.ActiveCfg = Release|Any CPU
		{BEE6EE5C-A8D5-4F0C-8F32-E3C2ED7EEAFA}.Release|Any CPU.Build.0 = Release|Any CPU
		{2F5CC673-B8BF-42A3-9750-7244ECE24340}.Debug|Any CPU.ActiveCfg = Debug|Any CPU
		{2F5CC673-B8BF-42A3-9750-7244ECE24340}.Debug|Any CPU.Build.0 = Debug|Any CPU
		{2F5CC673-B8BF-42A3-9750-7244ECE24340}.Release|Any CPU.ActiveCfg = Release|Any CPU
		{2F5CC673-B8BF-42A3-9750-7244ECE24340}.Release|Any CPU.Build.0 = Release|Any CPU
	EndGlobalSection
	GlobalSection(SolutionProperties) = preSolution
		HideSolutionNode = FALSE
	EndGlobalSection
EndGlobal
